
Microsoft Visual Studio Solution File, Format Version 11.00
# Visual Studio 2010
Project("{8BC9CEB8-8B4A-11D0-8D11-00A0C91BC942}") = "train_sample", "train_sample\train_sample.vcxproj", "{97BA18FA-DC38-4E33-A542-D88D0E5331EF}"
EndProject
Global
	GlobalSection(SolutionConfigurationPlatforms) = preSolution
		Debug|Win32 = Debug|Win32
		Release|Win32 = Release|Win32
	EndGlobalSection
	GlobalSection(ProjectConfigurationPlatforms) = postSolution
		{97BA18FA-DC38-4E33-A542-D88D0E5331EF}.Debug|Win32.ActiveCfg = Debug|Win32
		{97BA18FA-DC38-4E33-A542-D88D0E5331EF}.Debug|Win32.Build.0 = Debug|Win32
		{97BA18FA-DC38-4E33-A542-D88D0E5331EF}.Release|Win32.ActiveCfg = Release|Win32
		{97BA18FA-DC38-4E33-A542-D88D0E5331EF}.Release|Win32.Build.0 = Release|Win32
	EndGlobalSection
	GlobalSection(SolutionProperties) = preSolution
		HideSolutionNode = FALSE
	EndGlobalSection
EndGlobal
