
Microsoft Visual Studio Solution File, Format Version 11.00
# Visual Studio 2010
Project("{8BC9CEB8-8B4A-11D0-8D11-00A0C91BC942}") = "meituan", "meituan\meituan.vcxproj", "{FE2D4A9B-1FAB-4C54-855A-93DF58C8B3B0}"
EndProject
Global
	GlobalSection(SolutionConfigurationPlatforms) = preSolution
		Debug|Win32 = Debug|Win32
		Release|Win32 = Release|Win32
	EndGlobalSection
	GlobalSection(ProjectConfigurationPlatforms) = postSolution
		{FE2D4A9B-1FAB-4C54-855A-93DF58C8B3B0}.Debug|Win32.ActiveCfg = Debug|Win32
		{FE2D4A9B-1FAB-4C54-855A-93DF58C8B3B0}.Debug|Win32.Build.0 = Debug|Win32
		{FE2D4A9B-1FAB-4C54-855A-93DF58C8B3B0}.Release|Win32.ActiveCfg = Release|Win32
		{FE2D4A9B-1FAB-4C54-855A-93DF58C8B3B0}.Release|Win32.Build.0 = Release|Win32
	EndGlobalSection
	GlobalSection(SolutionProperties) = preSolution
		HideSolutionNode = FALSE
	EndGlobalSection
EndGlobal
